
Microsoft Visual Studio Solution File, Format Version 12.00
# Visual Studio Version 17
VisualStudioVersion = 17.1.32328.378
MinimumVisualStudioVersion = 10.0.40219.1
Project("{FAE04EC0-301F-11D3-BF4B-00C04F79EFBC}") = "Gotham", "Gotham\Gotham.csproj", "{19131ED7-82E0-416D-83A5-4CDD3BEE1D0C}"
EndProject
Global
	GlobalSection(SolutionConfigurationPlatforms) = preSolution
		Debug|Any CPU = Debug|Any CPU
		Release|Any CPU = Release|Any CPU
	EndGlobalSection
	GlobalSection(ProjectConfigurationPlatforms) = postSolution
		{19131ED7-82E0-416D-83A5-4CDD3BEE1D0C}.Debug|Any CPU.ActiveCfg = Debug|Any CPU
		{19131ED7-82E0-416D-83A5-4CDD3BEE1D0C}.Debug|Any CPU.Build.0 = Debug|Any CPU
		{19131ED7-82E0-416D-83A5-4CDD3BEE1D0C}.Release|Any CPU.ActiveCfg = Release|Any CPU
		{19131ED7-82E0-416D-83A5-4CDD3BEE1D0C}.Release|Any CPU.Build.0 = Release|Any CPU
	EndGlobalSection
	GlobalSection(SolutionProperties) = preSolution
		HideSolutionNode = FALSE
	EndGlobalSection
	GlobalSection(ExtensibilityGlobals) = postSolution
		SolutionGuid = {06FAEA8B-2544-4E4E-A968-BDC97093424A}
	EndGlobalSection
EndGlobal
